
Microsoft Visual Studio Solution File, Format Version 12.00
# Visual Studio Version 17
VisualStudioVersion = 17.14.36518.9 d17.14
MinimumVisualStudioVersion = 10.0.40219.1
Project("{8BC9CEB8-8B4A-11D0-8D11-00A0C91BC942}") = "lz9", "lz9\lz9.vcxproj", "{2D8B0257-FD32-41C7-A9CC-3267DD07D571}"
EndProject
Global
	GlobalSection(SolutionConfigurationPlatforms) = preSolution
		Debug|x64 = Debug|x64
		Debug|x86 = Debug|x86
		Release|x64 = Release|x64
		Release|x86 = Release|x86
	EndGlobalSection
	GlobalSection(ProjectConfigurationPlatforms) = postSolution
		{2D8B0257-FD32-41C7-A9CC-3267DD07D571}.Debug|x64.ActiveCfg = Debug|x64
		{2D8B0257-FD32-41C7-A9CC-3267DD07D571}.Debug|x64.Build.0 = Debug|x64
		{2D8B0257-FD32-41C7-A9CC-3267DD07D571}.Debug|x86.ActiveCfg = Debug|Win32
		{2D8B0257-FD32-41C7-A9CC-3267DD07D571}.Debug|x86.Build.0 = Debug|Win32
		{2D8B0257-FD32-41C7-A9CC-3267DD07D571}.Release|x64.ActiveCfg = Release|x64
		{2D8B0257-FD32-41C7-A9CC-3267DD07D571}.Release|x64.Build.0 = Release|x64
		{2D8B0257-FD32-41C7-A9CC-3267DD07D571}.Release|x86.ActiveCfg = Release|Win32
		{2D8B0257-FD32-41C7-A9CC-3267DD07D571}.Release|x86.Build.0 = Release|Win32
	EndGlobalSection
	GlobalSection(SolutionProperties) = preSolution
		HideSolutionNode = FALSE
	EndGlobalSection
	GlobalSection(ExtensibilityGlobals) = postSolution
		SolutionGuid = {AF802B12-11EB-45EF-9622-6891376D5F36}
	EndGlobalSection
EndGlobal
